// !$*UTF8*$!
{
	archiveVersion = 1;
	classes = {
	};
	objectVersion = 46;
	objects = {

/* Begin PBXBuildFile section */
		90B4C2991D5D8D55004721B9 /* AppDelegate.swift in Sources */ = {isa = PBXBuildFile; fileRef = 90B4C2981D5D8D55004721B9 /* AppDelegate.swift */; };
		90B4C29B1D5D8D55004721B9 /* ViewController.swift in Sources */ = {isa = PBXBuildFile; fileRef = 90B4C29A1D5D8D55004721B9 /* ViewController.swift */; };
		90B4C29E1D5D8D55004721B9 /* Main.storyboard in Resources */ = {isa = PBXBuildFile; fileRef = 90B4C29C1D5D8D55004721B9 /* Main.storyboard */; };
		90B4C2A01D5D8D55004721B9 /* Assets.xcassets in Resources */ = {isa = PBXBuildFile; fileRef = 90B4C29F1D5D8D55004721B9 /* Assets.xcassets */; };
		90B4C2A31D5D8D55004721B9 /* LaunchScreen.storyboard in Resources */ = {isa = PBXBuildFile; fileRef = 90B4C2A11D5D8D55004721B9 /* LaunchScreen.storyboard */; };
/* End PBXBuildFile section */

/* Begin PBXFileReference section */
		90B4C2951D5D8D55004721B9 /* Talk.app */ = {isa = PBXFileReference; explicitFileType = wrapper.application; includeInIndex = 0; path = Talk.app; sourceTree = BUILT_PRODUCTS_DIR; };
		90B4C2981D5D8D55004721B9 /* AppDelegate.swift */ = {isa = PBXFileReference; lastKnownFileType = sourcecode.swift; path = AppDelegate.swift; sourceTree = "<group>"; };
		90B4C29A1D5D8D55004721B9 /* ViewController.swift */ = {isa = PBXFileReference; lastKnownFileType = sourcecode.swift; path = ViewController.swift; sourceTree = "<group>"; };
		90B4C29D1D5D8D55004721B9 /* Base */ = {isa = PBXFileReference; lastKnownFileType = file.storyboard; name = Base; path = Base.lproj/Main.storyboard; sourceTree = "<group>"; };
		90B4C29F1D5D8D55004721B9 /* Assets.xcassets */ = {isa = PBXFileReference; lastKnownFileType = folder.assetcatalog; path = Assets.xcassets; sourceTree = "<group>"; };
		90B4C2A21D5D8D55004721B9 /* Base */ = {isa = PBXFileReference; lastKnownFileType = file.storyboard; name = Base; path = Base.lproj/LaunchScreen.storyboard; sourceTree = "<group>"; };
		90B4C2A41D5D8D55004721B9 /* Info.plist */ = {isa = PBXFileReference; lastKnownFileType = text.plist.xml; path = Info.plist; sourceTree = "<group>"; };
/* End PBXFileReference section */

/* Begin PBXFrameworksBuildPhase section */
		90B4C2921D5D8D55004721B9 /* Frameworks */ = {
			isa = PBXFrameworksBuildPhase;
			buildActionMask = 2147483647;
			files = (
			);
			runOnlyForDeploymentPostprocessing = 0;
		};
/* End PBXFrameworksBuildPhase section */

/* Begin PBXGroup section */
		90B4C28C1D5D8D55004721B9 = {
			isa = PBXGroup;
			children = (
				90B4C2971D5D8D55004721B9 /* Talk */,
				90B4C2961D5D8D55004721B9 /* Products */,
			);
			sourceTree = "<group>";
		};
		90B4C2961D5D8D55004721B9 /* Products */ = {
			isa = PBXGroup;
			children = (
				90B4C2951D5D8D55004721B9 /* Talk.app */,
			);
			name = Products;
			sourceTree = "<group>";
		};
		90B4C2971D5D8D55004721B9 /* Talk */ = {
			isa = PBXGroup;
			children = (
				90B4C2981D5D8D55004721B9 /* AppDelegate.swift */,
				90B4C29A1D5D8D55004721B9 /* ViewController.swift */,
				90B4C29C1D5D8D55004721B9 /* Main.storyboard */,
				90B4C29F1D5D8D55004721B9 /* Assets.xcassets */,
				90B4C2A11D5D8D55004721B9 /* LaunchScreen.storyboard */,
				90B4C2A41D5D8D55004721B9 /* Info.plist */,
			);
			path = Talk;
			sourceTree = "<group>";
		};
/* End PBXGroup section */

/* Begin PBXNativeTarget section */
		90B4C2941D5D8D55004721B9 /* Talk */ = {
			isa = PBXNativeTarget;
			buildConfigurationList = 90B4C2A71D5D8D55004721B9 /* Build configuration list for PBXNativeTarget "Talk" */;
			buildPhases = (
				90B4C2911D5D8D55004721B9 /* Sources */,
				90B4C2921D5D8D55004721B9 /* Frameworks */,
				90B4C2931D5D8D55004721B9 /* Resources */,
			);
			buildRules = (
			);
			dependencies = (
			);
			name = Talk;
			productName = Talk;
			productReference = 90B4C2951D5D8D55004721B9 /* Talk.app */;
			productType = "com.apple.product-type.application";
		};
/* End PBXNativeTarget section */

/* Begin PBXProject section */
		90B4C28D1D5D8D55004721B9 /* Project object */ = {
			isa = PBXProject;
			attributes = {
				LastSwiftUpdateCheck = 0730;
				LastUpgradeCheck = 0730;
				ORGANIZATIONNAME = DW;
				TargetAttributes = {
					90B4C2941D5D8D55004721B9 = {
						CreatedOnToolsVersion = 7.3.1;
					};
				};
			};
			buildConfigurationList = 90B4C2901D5D8D55004721B9 /* Build configuration list for PBXProject "Talk" */;
			compatibilityVersion = "Xcode 3.2";
			developmentRegion = English;
			hasScannedForEncodings = 0;
			knownRegions = (
				en,
				Base,
			);
			mainGroup = 90B4C28C1D5D8D55004721B9;
			productRefGroup = 90B4C2961D5D8D55004721B9 /* Products */;
			projectDirPath = "";
			projectRoot = "";
			targets = (
				90B4C2941D5D8D55004721B9 /* Talk */,
			);
		};
/* End PBXProject section */

/* Begin PBXResourcesBuildPhase section */
		90B4C2931D5D8D55004721B9 /* Resources */ = {
			isa = PBXResourcesBuildPhase;
			buildActionMask = 2147483647;
			files = (
				90B4C2A31D5D8D55004721B9 /* LaunchScreen.storyboard in Resources */,
				90B4C2A01D5D8D55004721B9 /* Assets.xcassets in Resources */,
				90B4C29E1D5D8D55004721B9 /* Main.storyboard in Resources */,
			);
			runOnlyForDeploymentPostprocessing = 0;
		};
/* End PBXResourcesBuildPhase section */

/* Begin PBXSourcesBuildPhase section */
		90B4C2911D5D8D55004721B9 /* Sources */ = {
			isa = PBXSourcesBuildPhase;
			buildActionMask = 2147483647;
			files = (
				90B4C29B1D5D8D55004721B9 /* ViewController.swift in Sources */,
				90B4C2991D5D8D55004721B9 /* AppDelegate.swift in Sources */,
			);
			runOnlyForDeploymentPostprocessing = 0;
		};
/* End PBXSourcesBuildPhase section */

/* Begin PBXVariantGroup section */
		90B4C29C1D5D8D55004721B9 /* Main.storyboard */ = {
			isa = PBXVariantGroup;
			children = (
				90B4C29D1D5D8D55004721B9 /* Base */,
			);
			name = Main.storyboard;
			sourceTree = "<group>";
		};
		90B4C2A11D5D8D55004721B9 /* LaunchScreen.storyboard */ = {
			isa = PBXVariantGroup;
			children = (
				90B4C2A21D5D8D55004721B9 /* Base */,
			);
			name = LaunchScreen.storyboard;
			sourceTree = "<group>";
		};
/* End PBXVariantGroup section */

/* Begin XCBuildConfiguration section */
		90B4C2A51D5D8D55004721B9 /* Debug */ = {
			isa = XCBuildConfiguration;
			buildSettings = {
				ALWAYS_SEARCH_USER_PATHS = NO;
				CLANG_ANALYZER_NONNULL = YES;
				CLANG_CXX_LANGUAGE_STANDARD = "gnu++0x";
				CLANG_CXX_LIBRARY = "libc++";
				CLANG_ENABLE_MODULES = YES;
				CLANG_ENABLE_OBJC_ARC = YES;
				CLANG_WARN_BOOL_CONVERSION = YES;
				CLANG_WARN_CONSTANT_CONVERSION = YES;
				CLANG_WARN_DIRECT_OBJC_ISA_USAGE = YES_ERROR;
				CLANG_WARN_EMPTY_BODY = YES;
				CLANG_WARN_ENUM_CONVERSION = YES;
				CLANG_WARN_INT_CONVERSION = YES;
				CLANG_WARN_OBJC_ROOT_CLASS = YES_ERROR;
				CLANG_WARN_UNREACHABLE_CODE = YES;
				CLANG_WARN__DUPLICATE_METHOD_MATCH = YES;
				"CODE_SIGN_IDENTITY[sdk=iphoneos*]" = "iPhone Developer";
				COPY_PHASE_STRIP = NO;
				DEBUG_INFORMATION_FORMAT = dwarf;
				ENABLE_STRICT_OBJC_MSGSEND = YES;
				ENABLE_TESTABILITY = YES;
				GCC_C_LANGUAGE_STANDARD = gnu99;
				GCC_DYNAMIC_NO_PIC = NO;
				GCC_NO_COMMON_BLOCKS = YES;
				GCC_OPTIMIZATION_LEVEL = 0;
				GCC_PREPROCESSOR_DEFINITIONS = (
					"DEBUG=1",
					"$(inherited)",
				);
				GCC_WARN_64_TO_32_BIT_CONVERSION = YES;
				GCC_WARN_ABOUT_RETURN_TYPE = YES_ERROR;
				GCC_WARN_UNDECLARED_SELECTOR = YES;
				GCC_WARN_UNINITIALIZED_AUTOS = YES_AGGRESSIVE;
				GCC_WARN_UNUSED_FUNCTION = YES;
				GCC_WARN_UNUSED_VARIABLE = YES;
				IPHONEOS_DEPLOYMENT_TARGET = 9.3;
				MTL_ENABLE_DEBUG_INFO = YES;
				ONLY_ACTIVE_ARCH = YES;
				SDKROOT = iphoneos;
				SWIFT_OPTIMIZATION_LEVEL = "-Onone";
			};
			name = Debug;
		};
		90B4C2A61D5D8D55004721B9 /* Release */ = {
			isa = XCBuildConfiguration;
			buildSettings = {
				ALWAYS_SEARCH_USER_PATHS = NO;
				CLANG_ANALYZER_NONNULL = YES;
				CLANG_CXX_LANGUAGE_STANDARD = "gnu++0x";
				CLANG_CXX_LIBRARY = "libc++";
				CLANG_ENABLE_MODULES = YES;
				CLANG_ENABLE_OBJC_ARC = YES;
				CLANG_WARN_BOOL_CONVERSION = YES;
				CLANG_WARN_CONSTANT_CONVERSION = YES;
				CLANG_WARN_DIRECT_OBJC_ISA_USAGE = YES_ERROR;
				CLANG_WARN_EMPTY_BODY = YES;
				CLANG_WARN_ENUM_CONVERSION = YES;
				CLANG_WARN_INT_CONVERSION = YES;
				CLANG_WARN_OBJC_ROOT_CLASS = YES_ERROR;
				CLANG_WARN_UNREACHABLE_CODE = YES;
				CLANG_WARN__DUPLICATE_METHOD_MATCH = YES;
				"CODE_SIGN_IDENTITY[sdk=iphoneos*]" = "iPhone Developer";
				COPY_PHASE_STRIP = NO;
				DEBUG_INFORMATION_FORMAT = "dwarf-with-dsym";
				ENABLE_NS_ASSERTIONS = NO;
				ENABLE_STRICT_OBJC_MSGSEND = YES;
				GCC_C_LANGUAGE_STANDARD = gnu99;
				GCC_NO_COMMON_BLOCKS = YES;
				GCC_WARN_64_TO_32_BIT_CONVERSION = YES;
				GCC_WARN_ABOUT_RETURN_TYPE = YES_ERROR;
				GCC_WARN_UNDECLARED_SELECTOR = YES;
				GCC_WARN_UNINITIALIZED_AUTOS = YES_AGGRESSIVE;
				GCC_WARN_UNUSED_FUNCTION = YES;
				GCC_WARN_UNUSED_VARIABLE = YES;
				IPHONEOS_DEPLOYMENT_TARGET = 9.3;
				MTL_ENABLE_DEBUG_INFO = NO;
				SDKROOT = iphoneos;
				VALIDATE_PRODUCT = YES;
			};
			name = Release;
		};
		90B4C2A81D5D8D55004721B9 /* Debug */ = {
			isa = XCBuildConfiguration;
			buildSettings = {
				ASSETCATALOG_COMPILER_APPICON_NAME = AppIcon;
				INFOPLIST_FILE = Talk/Info.plist;
				LD_RUNPATH_SEARCH_PATHS = "$(inherited) @executable_path/Frameworks";
				PRODUCT_BUNDLE_IDENTIFIER = com.djp.Talk;
				PRODUCT_NAME = "$(TARGET_NAME)";
			};
			name = Debug;
		};
		90B4C2A91D5D8D55004721B9 /* Release */ = {
			isa = XCBuildConfiguration;
			buildSettings = {
				ASSETCATALOG_COMPILER_APPICON_NAME = AppIcon;
				INFOPLIST_FILE = Talk/Info.plist;
				LD_RUNPATH_SEARCH_PATHS = "$(inherited) @executable_path/Frameworks";
				PRODUCT_BUNDLE_IDENTIFIER = com.djp.Talk;
				PRODUCT_NAME = "$(TARGET_NAME)";
			};
			name = Release;
		};
/* End XCBuildConfiguration section */

/* Begin XCConfigurationList section */
		90B4C2901D5D8D55004721B9 /* Build configuration list for PBXProject "Talk" */ = {
			isa = XCConfigurationList;
			buildConfigurations = (
				90B4C2A51D5D8D55004721B9 /* Debug */,
				90B4C2A61D5D8D55004721B9 /* Release */,
			);
			defaultConfigurationIsVisible = 0;
			defaultConfigurationName = Release;
		};
		90B4C2A71D5D8D55004721B9 /* Build configuration list for PBXNativeTarget "Talk" */ = {
			isa = XCConfigurationList;
			buildConfigurations = (
				90B4C2A81D5D8D55004721B9 /* Debug */,
				90B4C2A91D5D8D55004721B9 /* Release */,
			);
			defaultConfigurationIsVisible = 0;
		};
/* End XCConfigurationList section */
	};
	rootObject = 90B4C28D1D5D8D55004721B9 /* Project object */;
}
